
Microsoft Visual Studio Solution File, Format Version 12.00
# Visual Studio Version 17
VisualStudioVersion = 17.10.34607.79
MinimumVisualStudioVersion = 10.0.40219.1
Project("{2150E333-8FDC-42A3-9474-1A3956D46DE8}") = "src", "src", "{000AD942-D8B5-4003-9D27-4B7A192F4DB5}"
EndProject
Project("{2150E333-8FDC-42A3-9474-1A3956D46DE8}") = "Solution Items", "Solution Items", "{C990FC3D-F4AF-4590-9A2D-F9C90622C462}"
	ProjectSection(SolutionItems) = preProject
		ServiceUrls.txt = ServiceUrls.txt
	EndProjectSection
EndProject
Project("{2150E333-8FDC-42A3-9474-1A3956D46DE8}") = "ApiGateways", "ApiGateways", "{BCFF4E2B-73DC-4610-9462-C4A77E9EA75C}"
EndProject
Project("{2150E333-8FDC-42A3-9474-1A3956D46DE8}") = "BuildingBlocks", "BuildingBlocks", "{81FA403F-CDD5-432B-8F0E-F8ADC8CE2A6E}"
EndProject
Project("{2150E333-8FDC-42A3-9474-1A3956D46DE8}") = "Services", "Services", "{6F44A3DA-D0E2-4AA8-A745-76A9913000E9}"
EndProject
Project("{2150E333-8FDC-42A3-9474-1A3956D46DE8}") = "Clients", "Clients", "{9AD9F768-3C69-44A4-B843-5306CF835C06}"
EndProject
Project("{2150E333-8FDC-42A3-9474-1A3956D46DE8}") = "ApiGatewayWeb", "ApiGatewayWeb", "{FC729C03-3185-495E-9CF6-7C4FA431DAD9}"
EndProject
Project("{9A19103F-16F7-4668-BE54-9A1E7A4F7556}") = "Web.ApiGateway", "src\ApiGateways\ApiGatewayWeb\Web.ApiGateway\Web.ApiGateway.csproj", "{9A6C59D1-8961-45F3-AD70-C08B3C490A48}"
EndProject
Project("{2150E333-8FDC-42A3-9474-1A3956D46DE8}") = "EventBus", "EventBus", "{44B2EBC1-4904-4063-825A-0B08ACBF1592}"
EndProject
Project("{9A19103F-16F7-4668-BE54-9A1E7A4F7556}") = "EventBus.Base", "src\BuildingBlocks\EventBus\EventBus.Base\EventBus.Base.csproj", "{2E9CC930-4C36-4635-90B9-AFD1341B77FF}"
EndProject
Project("{9A19103F-16F7-4668-BE54-9A1E7A4F7556}") = "EventBus.Factory", "src\BuildingBlocks\EventBus\EventBus.Factory\EventBus.Factory.csproj", "{94EB16C6-2909-4A2A-BD76-9C1C3C537147}"
EndProject
Project("{9A19103F-16F7-4668-BE54-9A1E7A4F7556}") = "EventBus.AzureServiceBus", "src\BuildingBlocks\EventBus\EventBus.AzureServiceBus\EventBus.AzureServiceBus.csproj", "{B8F56166-B493-4903-A1EA-B09AAB81191A}"
EndProject
Project("{9A19103F-16F7-4668-BE54-9A1E7A4F7556}") = "EventBus.RabbitMQ", "src\BuildingBlocks\EventBus\EventBus.RabbitMQ\EventBus.RabbitMQ.csproj", "{40389438-5428-480B-A2A7-1EC2116AC875}"
EndProject
Project("{2150E333-8FDC-42A3-9474-1A3956D46DE8}") = "BlazorWebApp", "BlazorWebApp", "{BB5D4718-6455-4234-AA35-2AEB6D662AA3}"
EndProject
Project("{9A19103F-16F7-4668-BE54-9A1E7A4F7556}") = "WebApp", "src\Clients\BlazorWebApp\WebApp\WebApp.csproj", "{3599C550-EE30-431B-A873-E06AB933ACDC}"
EndProject
Project("{2150E333-8FDC-42A3-9474-1A3956D46DE8}") = "BasketService", "BasketService", "{5DB13A5F-1E5C-4C3E-BF87-98B1D4B01923}"
EndProject
Project("{9A19103F-16F7-4668-BE54-9A1E7A4F7556}") = "BasketService.Api", "src\Services\BasketService\BasketService.Api\BasketService.Api.csproj", "{5E718731-816E-467B-B5DA-108577A53C8D}"
EndProject
Project("{2150E333-8FDC-42A3-9474-1A3956D46DE8}") = "CatalogService", "CatalogService", "{87D0B231-124F-426F-88A8-42EB49D97185}"
EndProject
Project("{9A19103F-16F7-4668-BE54-9A1E7A4F7556}") = "CatalogService.Api", "src\Services\CatalogService\CatalogService.Api\CatalogService.Api.csproj", "{8F9F2C13-BB3C-4646-846E-C61C000E8255}"
EndProject
Project("{2150E333-8FDC-42A3-9474-1A3956D46DE8}") = "IdentityService", "IdentityService", "{701A8CBD-EE67-4ACE-B277-2BAFCD9824EE}"
EndProject
Project("{9A19103F-16F7-4668-BE54-9A1E7A4F7556}") = "IdentityService.Api", "src\Services\IdentityService\IdentityService.Api\IdentityService.Api.csproj", "{D0D266E4-1B9E-4495-928C-605082118DEC}"
EndProject
Project("{2150E333-8FDC-42A3-9474-1A3956D46DE8}") = "NotificationService", "NotificationService", "{476AD044-024F-4547-95DA-EA3E9A8EB1F4}"
EndProject
Project("{9A19103F-16F7-4668-BE54-9A1E7A4F7556}") = "NotificationService.ConsoleApp", "src\Services\NotificationService\NotificationService.ConsoleApp\NotificationService.ConsoleApp.csproj", "{AFF37286-853E-43E2-B398-61FCD0040CD4}"
EndProject
Project("{2150E333-8FDC-42A3-9474-1A3956D46DE8}") = "OrderService", "OrderService", "{0147A442-698C-4A38-BD0D-A018B3983FFF}"
EndProject
Project("{9A19103F-16F7-4668-BE54-9A1E7A4F7556}") = "OrderService.Domain", "src\Services\OrderService\OrderService.Domain\OrderService.Domain.csproj", "{7B26A6D2-3F9D-46F2-A2AD-2A1E31BEA6FA}"
EndProject
Project("{9A19103F-16F7-4668-BE54-9A1E7A4F7556}") = "OrderService.Application", "src\Services\OrderService\OrderService.Application\OrderService.Application.csproj", "{54B4774F-DFEA-48B9-824A-BE78BE039520}"
EndProject
Project("{9A19103F-16F7-4668-BE54-9A1E7A4F7556}") = "OrderService.Infrastructure", "src\Services\OrderService\OrderService.Infrastructure\OrderService.Infrastructure.csproj", "{6886F464-31B4-4156-BB11-50841D2A4FC0}"
EndProject
Project("{9A19103F-16F7-4668-BE54-9A1E7A4F7556}") = "OrderService.Api", "src\Services\OrderService\OrderService.Api\OrderService.Api.csproj", "{9A57016D-3D8F-4A7C-AEB7-D67B414FB054}"
EndProject
Project("{2150E333-8FDC-42A3-9474-1A3956D46DE8}") = "PaymentService", "PaymentService", "{C5873BDD-FF0F-40DE-97EB-6A1796CC67D7}"
EndProject
Project("{9A19103F-16F7-4668-BE54-9A1E7A4F7556}") = "PaymentService.Api", "src\Services\PaymentService\PaymentService.Api\PaymentService.Api.csproj", "{6662204B-8CB9-47C6-AC6F-FF473CCF8637}"
EndProject
Project("{2150E333-8FDC-42A3-9474-1A3956D46DE8}") = "tests", "tests", "{EAD06C91-1D7B-4F6E-97DF-F6765EFCDBD5}"
EndProject
Project("{2150E333-8FDC-42A3-9474-1A3956D46DE8}") = "BuildingBlocks", "BuildingBlocks", "{E4DFBB9D-2F51-49A5-B587-3CC63CD3380B}"
EndProject
Project("{9A19103F-16F7-4668-BE54-9A1E7A4F7556}") = "EventBus.UnitTest", "tests\BuildingBlocks\EventBus.UnitTest\EventBus.UnitTest.csproj", "{9CF41978-065A-4442-8579-8010571D6760}"
EndProject
Project("{2150E333-8FDC-42A3-9474-1A3956D46DE8}") = "docker-compose-files", "docker-compose-files", "{C81F78ED-C812-4CE0-AD21-77B14416129A}"
EndProject
Project("{2150E333-8FDC-42A3-9474-1A3956D46DE8}") = "consul", "consul", "{F8D19E7E-E8E1-4DAC-A01C-C0D1DC77B772}"
	ProjectSection(SolutionItems) = preProject
		docker-compose-files\consul\docker-compose.yml = docker-compose-files\consul\docker-compose.yml
	EndProjectSection
EndProject
Project("{2150E333-8FDC-42A3-9474-1A3956D46DE8}") = "rabbitmq", "rabbitmq", "{7F6120FD-A10A-4E10-B859-69EE0DD15EED}"
	ProjectSection(SolutionItems) = preProject
		docker-compose-files\rabbitmq\docker-compose.yml = docker-compose-files\rabbitmq\docker-compose.yml
	EndProjectSection
EndProject
Project("{2150E333-8FDC-42A3-9474-1A3956D46DE8}") = "redis", "redis", "{95AFDC28-D4B5-4A22-BA7B-31C9BD8F9A3B}"
	ProjectSection(SolutionItems) = preProject
		docker-compose-files\redis\docker-compose.yml = docker-compose-files\redis\docker-compose.yml
	EndProjectSection
EndProject
Project("{2150E333-8FDC-42A3-9474-1A3956D46DE8}") = "sqlserver", "sqlserver", "{24C0701D-53E5-4E8E-80AC-D7F1F6987C58}"
EndProject
Global
	GlobalSection(SolutionConfigurationPlatforms) = preSolution
		Debug|Any CPU = Debug|Any CPU
		Release|Any CPU = Release|Any CPU
	EndGlobalSection
	GlobalSection(ProjectConfigurationPlatforms) = postSolution
		{9A6C59D1-8961-45F3-AD70-C08B3C490A48}.Debug|Any CPU.ActiveCfg = Debug|Any CPU
		{9A6C59D1-8961-45F3-AD70-C08B3C490A48}.Debug|Any CPU.Build.0 = Debug|Any CPU
		{9A6C59D1-8961-45F3-AD70-C08B3C490A48}.Release|Any CPU.ActiveCfg = Release|Any CPU
		{9A6C59D1-8961-45F3-AD70-C08B3C490A48}.Release|Any CPU.Build.0 = Release|Any CPU
		{2E9CC930-4C36-4635-90B9-AFD1341B77FF}.Debug|Any CPU.ActiveCfg = Debug|Any CPU
		{2E9CC930-4C36-4635-90B9-AFD1341B77FF}.Debug|Any CPU.Build.0 = Debug|Any CPU
		{2E9CC930-4C36-4635-90B9-AFD1341B77FF}.Release|Any CPU.ActiveCfg = Release|Any CPU
		{2E9CC930-4C36-4635-90B9-AFD1341B77FF}.Release|Any CPU.Build.0 = Release|Any CPU
		{94EB16C6-2909-4A2A-BD76-9C1C3C537147}.Debug|Any CPU.ActiveCfg = Debug|Any CPU
		{94EB16C6-2909-4A2A-BD76-9C1C3C537147}.Debug|Any CPU.Build.0 = Debug|Any CPU
		{94EB16C6-2909-4A2A-BD76-9C1C3C537147}.Release|Any CPU.ActiveCfg = Release|Any CPU
		{94EB16C6-2909-4A2A-BD76-9C1C3C537147}.Release|Any CPU.Build.0 = Release|Any CPU
		{B8F56166-B493-4903-A1EA-B09AAB81191A}.Debug|Any CPU.ActiveCfg = Debug|Any CPU
		{B8F56166-B493-4903-A1EA-B09AAB81191A}.Debug|Any CPU.Build.0 = Debug|Any CPU
		{B8F56166-B493-4903-A1EA-B09AAB81191A}.Release|Any CPU.ActiveCfg = Release|Any CPU
		{B8F56166-B493-4903-A1EA-B09AAB81191A}.Release|Any CPU.Build.0 = Release|Any CPU
		{40389438-5428-480B-A2A7-1EC2116AC875}.Debug|Any CPU.ActiveCfg = Debug|Any CPU
		{40389438-5428-480B-A2A7-1EC2116AC875}.Debug|Any CPU.Build.0 = Debug|Any CPU
		{40389438-5428-480B-A2A7-1EC2116AC875}.Release|Any CPU.ActiveCfg = Release|Any CPU
		{40389438-5428-480B-A2A7-1EC2116AC875}.Release|Any CPU.Build.0 = Release|Any CPU
		{3599C550-EE30-431B-A873-E06AB933ACDC}.Debug|Any CPU.ActiveCfg = Debug|Any CPU
		{3599C550-EE30-431B-A873-E06AB933ACDC}.Debug|Any CPU.Build.0 = Debug|Any CPU
		{3599C550-EE30-431B-A873-E06AB933ACDC}.Release|Any CPU.ActiveCfg = Release|Any CPU
		{3599C550-EE30-431B-A873-E06AB933ACDC}.Release|Any CPU.Build.0 = Release|Any CPU
		{5E718731-816E-467B-B5DA-108577A53C8D}.Debug|Any CPU.ActiveCfg = Debug|Any CPU
		{5E718731-816E-467B-B5DA-108577A53C8D}.Debug|Any CPU.Build.0 = Debug|Any CPU
		{5E718731-816E-467B-B5DA-108577A53C8D}.Release|Any CPU.ActiveCfg = Release|Any CPU
		{5E718731-816E-467B-B5DA-108577A53C8D}.Release|Any CPU.Build.0 = Release|Any CPU
		{8F9F2C13-BB3C-4646-846E-C61C000E8255}.Debug|Any CPU.ActiveCfg = Debug|Any CPU
		{8F9F2C13-BB3C-4646-846E-C61C000E8255}.Debug|Any CPU.Build.0 = Debug|Any CPU
		{8F9F2C13-BB3C-4646-846E-C61C000E8255}.Release|Any CPU.ActiveCfg = Release|Any CPU
		{8F9F2C13-BB3C-4646-846E-C61C000E8255}.Release|Any CPU.Build.0 = Release|Any CPU
		{D0D266E4-1B9E-4495-928C-605082118DEC}.Debug|Any CPU.ActiveCfg = Debug|Any CPU
		{D0D266E4-1B9E-4495-928C-605082118DEC}.Debug|Any CPU.Build.0 = Debug|Any CPU
		{D0D266E4-1B9E-4495-928C-605082118DEC}.Release|Any CPU.ActiveCfg = Release|Any CPU
		{D0D266E4-1B9E-4495-928C-605082118DEC}.Release|Any CPU.Build.0 = Release|Any CPU
		{AFF37286-853E-43E2-B398-61FCD0040CD4}.Debug|Any CPU.ActiveCfg = Debug|Any CPU
		{AFF37286-853E-43E2-B398-61FCD0040CD4}.Debug|Any CPU.Build.0 = Debug|Any CPU
		{AFF37286-853E-43E2-B398-61FCD0040CD4}.Release|Any CPU.ActiveCfg = Release|Any CPU
		{AFF37286-853E-43E2-B398-61FCD0040CD4}.Release|Any CPU.Build.0 = Release|Any CPU
		{7B26A6D2-3F9D-46F2-A2AD-2A1E31BEA6FA}.Debug|Any CPU.ActiveCfg = Debug|Any CPU
		{7B26A6D2-3F9D-46F2-A2AD-2A1E31BEA6FA}.Debug|Any CPU.Build.0 = Debug|Any CPU
		{7B26A6D2-3F9D-46F2-A2AD-2A1E31BEA6FA}.Release|Any CPU.ActiveCfg = Release|Any CPU
		{7B26A6D2-3F9D-46F2-A2AD-2A1E31BEA6FA}.Release|Any CPU.Build.0 = Release|Any CPU
		{54B4774F-DFEA-48B9-824A-BE78BE039520}.Debug|Any CPU.ActiveCfg = Debug|Any CPU
		{54B4774F-DFEA-48B9-824A-BE78BE039520}.Debug|Any CPU.Build.0 = Debug|Any CPU
		{54B4774F-DFEA-48B9-824A-BE78BE039520}.Release|Any CPU.ActiveCfg = Release|Any CPU
		{54B4774F-DFEA-48B9-824A-BE78BE039520}.Release|Any CPU.Build.0 = Release|Any CPU
		{6886F464-31B4-4156-BB11-50841D2A4FC0}.Debug|Any CPU.ActiveCfg = Debug|Any CPU
		{6886F464-31B4-4156-BB11-50841D2A4FC0}.Debug|Any CPU.Build.0 = Debug|Any CPU
		{6886F464-31B4-4156-BB11-50841D2A4FC0}.Release|Any CPU.ActiveCfg = Release|Any CPU
		{6886F464-31B4-4156-BB11-50841D2A4FC0}.Release|Any CPU.Build.0 = Release|Any CPU
		{9A57016D-3D8F-4A7C-AEB7-D67B414FB054}.Debug|Any CPU.ActiveCfg = Debug|Any CPU
		{9A57016D-3D8F-4A7C-AEB7-D67B414FB054}.Debug|Any CPU.Build.0 = Debug|Any CPU
		{9A57016D-3D8F-4A7C-AEB7-D67B414FB054}.Release|Any CPU.ActiveCfg = Release|Any CPU
		{9A57016D-3D8F-4A7C-AEB7-D67B414FB054}.Release|Any CPU.Build.0 = Release|Any CPU
		{6662204B-8CB9-47C6-AC6F-FF473CCF8637}.Debug|Any CPU.ActiveCfg = Debug|Any CPU
		{6662204B-8CB9-47C6-AC6F-FF473CCF8637}.Debug|Any CPU.Build.0 = Debug|Any CPU
		{6662204B-8CB9-47C6-AC6F-FF473CCF8637}.Release|Any CPU.ActiveCfg = Release|Any CPU
		{6662204B-8CB9-47C6-AC6F-FF473CCF8637}.Release|Any CPU.Build.0 = Release|Any CPU
		{9CF41978-065A-4442-8579-8010571D6760}.Debug|Any CPU.ActiveCfg = Debug|Any CPU
		{9CF41978-065A-4442-8579-8010571D6760}.Debug|Any CPU.Build.0 = Debug|Any CPU
		{9CF41978-065A-4442-8579-8010571D6760}.Release|Any CPU.ActiveCfg = Release|Any CPU
		{9CF41978-065A-4442-8579-8010571D6760}.Release|Any CPU.Build.0 = Release|Any CPU
	EndGlobalSection
	GlobalSection(SolutionProperties) = preSolution
		HideSolutionNode = FALSE
	EndGlobalSection
	GlobalSection(NestedProjects) = preSolution
		{BCFF4E2B-73DC-4610-9462-C4A77E9EA75C} = {000AD942-D8B5-4003-9D27-4B7A192F4DB5}
		{81FA403F-CDD5-432B-8F0E-F8ADC8CE2A6E} = {000AD942-D8B5-4003-9D27-4B7A192F4DB5}
		{6F44A3DA-D0E2-4AA8-A745-76A9913000E9} = {000AD942-D8B5-4003-9D27-4B7A192F4DB5}
		{9AD9F768-3C69-44A4-B843-5306CF835C06} = {000AD942-D8B5-4003-9D27-4B7A192F4DB5}
		{FC729C03-3185-495E-9CF6-7C4FA431DAD9} = {BCFF4E2B-73DC-4610-9462-C4A77E9EA75C}
		{9A6C59D1-8961-45F3-AD70-C08B3C490A48} = {FC729C03-3185-495E-9CF6-7C4FA431DAD9}
		{44B2EBC1-4904-4063-825A-0B08ACBF1592} = {81FA403F-CDD5-432B-8F0E-F8ADC8CE2A6E}
		{2E9CC930-4C36-4635-90B9-AFD1341B77FF} = {44B2EBC1-4904-4063-825A-0B08ACBF1592}
		{94EB16C6-2909-4A2A-BD76-9C1C3C537147} = {44B2EBC1-4904-4063-825A-0B08ACBF1592}
		{B8F56166-B493-4903-A1EA-B09AAB81191A} = {44B2EBC1-4904-4063-825A-0B08ACBF1592}
		{40389438-5428-480B-A2A7-1EC2116AC875} = {44B2EBC1-4904-4063-825A-0B08ACBF1592}
		{BB5D4718-6455-4234-AA35-2AEB6D662AA3} = {9AD9F768-3C69-44A4-B843-5306CF835C06}
		{3599C550-EE30-431B-A873-E06AB933ACDC} = {BB5D4718-6455-4234-AA35-2AEB6D662AA3}
		{5DB13A5F-1E5C-4C3E-BF87-98B1D4B01923} = {6F44A3DA-D0E2-4AA8-A745-76A9913000E9}
		{5E718731-816E-467B-B5DA-108577A53C8D} = {5DB13A5F-1E5C-4C3E-BF87-98B1D4B01923}
		{87D0B231-124F-426F-88A8-42EB49D97185} = {6F44A3DA-D0E2-4AA8-A745-76A9913000E9}
		{8F9F2C13-BB3C-4646-846E-C61C000E8255} = {87D0B231-124F-426F-88A8-42EB49D97185}
		{701A8CBD-EE67-4ACE-B277-2BAFCD9824EE} = {6F44A3DA-D0E2-4AA8-A745-76A9913000E9}
		{D0D266E4-1B9E-4495-928C-605082118DEC} = {701A8CBD-EE67-4ACE-B277-2BAFCD9824EE}
		{476AD044-024F-4547-95DA-EA3E9A8EB1F4} = {6F44A3DA-D0E2-4AA8-A745-76A9913000E9}
		{AFF37286-853E-43E2-B398-61FCD0040CD4} = {476AD044-024F-4547-95DA-EA3E9A8EB1F4}
		{0147A442-698C-4A38-BD0D-A018B3983FFF} = {6F44A3DA-D0E2-4AA8-A745-76A9913000E9}
		{7B26A6D2-3F9D-46F2-A2AD-2A1E31BEA6FA} = {0147A442-698C-4A38-BD0D-A018B3983FFF}
		{54B4774F-DFEA-48B9-824A-BE78BE039520} = {0147A442-698C-4A38-BD0D-A018B3983FFF}
		{6886F464-31B4-4156-BB11-50841D2A4FC0} = {0147A442-698C-4A38-BD0D-A018B3983FFF}
		{9A57016D-3D8F-4A7C-AEB7-D67B414FB054} = {0147A442-698C-4A38-BD0D-A018B3983FFF}
		{C5873BDD-FF0F-40DE-97EB-6A1796CC67D7} = {6F44A3DA-D0E2-4AA8-A745-76A9913000E9}
		{6662204B-8CB9-47C6-AC6F-FF473CCF8637} = {C5873BDD-FF0F-40DE-97EB-6A1796CC67D7}
		{E4DFBB9D-2F51-49A5-B587-3CC63CD3380B} = {EAD06C91-1D7B-4F6E-97DF-F6765EFCDBD5}
		{9CF41978-065A-4442-8579-8010571D6760} = {E4DFBB9D-2F51-49A5-B587-3CC63CD3380B}
		{F8D19E7E-E8E1-4DAC-A01C-C0D1DC77B772} = {C81F78ED-C812-4CE0-AD21-77B14416129A}
		{7F6120FD-A10A-4E10-B859-69EE0DD15EED} = {C81F78ED-C812-4CE0-AD21-77B14416129A}
		{95AFDC28-D4B5-4A22-BA7B-31C9BD8F9A3B} = {C81F78ED-C812-4CE0-AD21-77B14416129A}
		{24C0701D-53E5-4E8E-80AC-D7F1F6987C58} = {C81F78ED-C812-4CE0-AD21-77B14416129A}
	EndGlobalSection
	GlobalSection(ExtensibilityGlobals) = postSolution
		SolutionGuid = {82C1BA58-4CB1-4CE2-AF4F-2FF0CA258404}
	EndGlobalSection
EndGlobal
